
Microsoft Visual Studio Solution File, Format Version 12.00
# Visual Studio Version 17
VisualStudioVersion = 17.3.32929.385
MinimumVisualStudioVersion = 10.0.40219.1
Project("{FAE04EC0-301F-11D3-BF4B-00C04F79EFBC}") = "prac2", "prac2\prac2.csproj", "{9F2D5C8F-4DBC-4954-AF31-F4DB3349C533}"
EndProject
Project("{FAE04EC0-301F-11D3-BF4B-00C04F79EFBC}") = "Lib13", "lib13\Lib13.csproj", "{32119756-E487-448A-9F5F-B565B89F24BD}"
EndProject
Project("{FAE04EC0-301F-11D3-BF4B-00C04F79EFBC}") = "LibMas", "LibMas\LibMas.csproj", "{67A77B4E-1F3B-4D47-8753-B96F904497EB}"
EndProject
Global
	GlobalSection(SolutionConfigurationPlatforms) = preSolution
		Debug|Any CPU = Debug|Any CPU
		Release|Any CPU = Release|Any CPU
	EndGlobalSection
	GlobalSection(ProjectConfigurationPlatforms) = postSolution
		{9F2D5C8F-4DBC-4954-AF31-F4DB3349C533}.Debug|Any CPU.ActiveCfg = Debug|Any CPU
		{9F2D5C8F-4DBC-4954-AF31-F4DB3349C533}.Debug|Any CPU.Build.0 = Debug|Any CPU
		{9F2D5C8F-4DBC-4954-AF31-F4DB3349C533}.Release|Any CPU.ActiveCfg = Release|Any CPU
		{9F2D5C8F-4DBC-4954-AF31-F4DB3349C533}.Release|Any CPU.Build.0 = Release|Any CPU
		{32119756-E487-448A-9F5F-B565B89F24BD}.Debug|Any CPU.ActiveCfg = Debug|Any CPU
		{32119756-E487-448A-9F5F-B565B89F24BD}.Debug|Any CPU.Build.0 = Debug|Any CPU
		{32119756-E487-448A-9F5F-B565B89F24BD}.Release|Any CPU.ActiveCfg = Release|Any CPU
		{32119756-E487-448A-9F5F-B565B89F24BD}.Release|Any CPU.Build.0 = Release|Any CPU
		{67A77B4E-1F3B-4D47-8753-B96F904497EB}.Debug|Any CPU.ActiveCfg = Debug|Any CPU
		{67A77B4E-1F3B-4D47-8753-B96F904497EB}.Debug|Any CPU.Build.0 = Debug|Any CPU
		{67A77B4E-1F3B-4D47-8753-B96F904497EB}.Release|Any CPU.ActiveCfg = Release|Any CPU
		{67A77B4E-1F3B-4D47-8753-B96F904497EB}.Release|Any CPU.Build.0 = Release|Any CPU
	EndGlobalSection
	GlobalSection(SolutionProperties) = preSolution
		HideSolutionNode = FALSE
	EndGlobalSection
	GlobalSection(ExtensibilityGlobals) = postSolution
		SolutionGuid = {7ED77B2A-C06F-4EB8-856A-215607EA0590}
	EndGlobalSection
EndGlobal
